// !$*UTF8*$!
{
	archiveVersion = 1;
	classes = {
	};
	objectVersion = 50;
	objects = {

/* Begin PBXBuildFile section */
		3768F3182474426C000433F5 /* RoundCorner.swift in Sources */ = {isa = PBXBuildFile; fileRef = 3768F3172474426C000433F5 /* RoundCorner.swift */; };
		37B9B599247436D2007E3E20 /* AppDelegate.swift in Sources */ = {isa = PBXBuildFile; fileRef = 37B9B598247436D2007E3E20 /* AppDelegate.swift */; };
		37B9B59B247436D2007E3E20 /* SceneDelegate.swift in Sources */ = {isa = PBXBuildFile; fileRef = 37B9B59A247436D2007E3E20 /* SceneDelegate.swift */; };
		37B9B59D247436D2007E3E20 /* ContentView.swift in Sources */ = {isa = PBXBuildFile; fileRef = 37B9B59C247436D2007E3E20 /* ContentView.swift */; };
		37B9B59F247436D4007E3E20 /* Assets.xcassets in Resources */ = {isa = PBXBuildFile; fileRef = 37B9B59E247436D4007E3E20 /* Assets.xcassets */; };
		37B9B5A2247436D4007E3E20 /* Preview Assets.xcassets in Resources */ = {isa = PBXBuildFile; fileRef = 37B9B5A1247436D4007E3E20 /* Preview Assets.xcassets */; };
		37B9B5A5247436D4007E3E20 /* LaunchScreen.storyboard in Resources */ = {isa = PBXBuildFile; fileRef = 37B9B5A3247436D4007E3E20 /* LaunchScreen.storyboard */; };
/* End PBXBuildFile section */

/* Begin PBXFileReference section */
		3768F3172474426C000433F5 /* RoundCorner.swift */ = {isa = PBXFileReference; lastKnownFileType = sourcecode.swift; path = RoundCorner.swift; sourceTree = "<group>"; };
		37B9B595247436D2007E3E20 /* Create Button.app */ = {isa = PBXFileReference; explicitFileType = wrapper.application; includeInIndex = 0; path = "Create Button.app"; sourceTree = BUILT_PRODUCTS_DIR; };
		37B9B598247436D2007E3E20 /* AppDelegate.swift */ = {isa = PBXFileReference; lastKnownFileType = sourcecode.swift; path = AppDelegate.swift; sourceTree = "<group>"; };
		37B9B59A247436D2007E3E20 /* SceneDelegate.swift */ = {isa = PBXFileReference; lastKnownFileType = sourcecode.swift; path = SceneDelegate.swift; sourceTree = "<group>"; };
		37B9B59C247436D2007E3E20 /* ContentView.swift */ = {isa = PBXFileReference; lastKnownFileType = sourcecode.swift; path = ContentView.swift; sourceTree = "<group>"; };
		37B9B59E247436D4007E3E20 /* Assets.xcassets */ = {isa = PBXFileReference; lastKnownFileType = folder.assetcatalog; path = Assets.xcassets; sourceTree = "<group>"; };
		37B9B5A1247436D4007E3E20 /* Preview Assets.xcassets */ = {isa = PBXFileReference; lastKnownFileType = folder.assetcatalog; path = "Preview Assets.xcassets"; sourceTree = "<group>"; };
		37B9B5A4247436D4007E3E20 /* Base */ = {isa = PBXFileReference; lastKnownFileType = file.storyboard; name = Base; path = Base.lproj/LaunchScreen.storyboard; sourceTree = "<group>"; };
		37B9B5A6247436D4007E3E20 /* Info.plist */ = {isa = PBXFileReference; lastKnownFileType = text.plist.xml; path = Info.plist; sourceTree = "<group>"; };
/* End PBXFileReference section */

/* Begin PBXFrameworksBuildPhase section */
		37B9B592247436D2007E3E20 /* Frameworks */ = {
			isa = PBXFrameworksBuildPhase;
			buildActionMask = 2147483647;
			files = (
			);
			runOnlyForDeploymentPostprocessing = 0;
		};
/* End PBXFrameworksBuildPhase section */

/* Begin PBXGroup section */
		37B9B58C247436D2007E3E20 = {
			isa = PBXGroup;
			children = (
				37B9B597247436D2007E3E20 /* Create Button */,
				37B9B596247436D2007E3E20 /* Products */,
			);
			sourceTree = "<group>";
		};
		37B9B596247436D2007E3E20 /* Products */ = {
			isa = PBXGroup;
			children = (
				37B9B595247436D2007E3E20 /* Create Button.app */,
			);
			name = Products;
			sourceTree = "<group>";
		};
		37B9B597247436D2007E3E20 /* Create Button */ = {
			isa = PBXGroup;
			children = (
				37B9B598247436D2007E3E20 /* AppDelegate.swift */,
				37B9B59A247436D2007E3E20 /* SceneDelegate.swift */,
				37B9B59C247436D2007E3E20 /* ContentView.swift */,
				37B9B59E247436D4007E3E20 /* Assets.xcassets */,
				37B9B5A3247436D4007E3E20 /* LaunchScreen.storyboard */,
				37B9B5A6247436D4007E3E20 /* Info.plist */,
				37B9B5A0247436D4007E3E20 /* Preview Content */,
				3768F3172474426C000433F5 /* RoundCorner.swift */,
			);
			path = "Create Button";
			sourceTree = "<group>";
		};
		37B9B5A0247436D4007E3E20 /* Preview Content */ = {
			isa = PBXGroup;
			children = (
				37B9B5A1247436D4007E3E20 /* Preview Assets.xcassets */,
			);
			path = "Preview Content";
			sourceTree = "<group>";
		};
/* End PBXGroup section */

/* Begin PBXNativeTarget section */
		37B9B594247436D2007E3E20 /* Create Button */ = {
			isa = PBXNativeTarget;
			buildConfigurationList = 37B9B5A9247436D4007E3E20 /* Build configuration list for PBXNativeTarget "Create Button" */;
			buildPhases = (
				37B9B591247436D2007E3E20 /* Sources */,
				37B9B592247436D2007E3E20 /* Frameworks */,
				37B9B593247436D2007E3E20 /* Resources */,
			);
			buildRules = (
			);
			dependencies = (
			);
			name = "Create Button";
			productName = "Create Button";
			productReference = 37B9B595247436D2007E3E20 /* Create Button.app */;
			productType = "com.apple.product-type.application";
		};
/* End PBXNativeTarget section */

/* Begin PBXProject section */
		37B9B58D247436D2007E3E20 /* Project object */ = {
			isa = PBXProject;
			attributes = {
				LastSwiftUpdateCheck = 1140;
				LastUpgradeCheck = 1140;
				ORGANIZATIONNAME = Kelana;
				TargetAttributes = {
					37B9B594247436D2007E3E20 = {
						CreatedOnToolsVersion = 11.4;
					};
				};
			};
			buildConfigurationList = 37B9B590247436D2007E3E20 /* Build configuration list for PBXProject "Create Button" */;
			compatibilityVersion = "Xcode 9.3";
			developmentRegion = en;
			hasScannedForEncodings = 0;
			knownRegions = (
				en,
				Base,
			);
			mainGroup = 37B9B58C247436D2007E3E20;
			productRefGroup = 37B9B596247436D2007E3E20 /* Products */;
			projectDirPath = "";
			projectRoot = "";
			targets = (
				37B9B594247436D2007E3E20 /* Create Button */,
			);
		};
/* End PBXProject section */

/* Begin PBXResourcesBuildPhase section */
		37B9B593247436D2007E3E20 /* Resources */ = {
			isa = PBXResourcesBuildPhase;
			buildActionMask = 2147483647;
			files = (
				37B9B5A5247436D4007E3E20 /* LaunchScreen.storyboard in Resources */,
				37B9B5A2247436D4007E3E20 /* Preview Assets.xcassets in Resources */,
				37B9B59F247436D4007E3E20 /* Assets.xcassets in Resources */,
			);
			runOnlyForDeploymentPostprocessing = 0;
		};
/* End PBXResourcesBuildPhase section */

/* Begin PBXSourcesBuildPhase section */
		37B9B591247436D2007E3E20 /* Sources */ = {
			isa = PBXSourcesBuildPhase;
			buildActionMask = 2147483647;
			files = (
				37B9B599247436D2007E3E20 /* AppDelegate.swift in Sources */,
				3768F3182474426C000433F5 /* RoundCorner.swift in Sources */,
				37B9B59B247436D2007E3E20 /* SceneDelegate.swift in Sources */,
				37B9B59D247436D2007E3E20 /* ContentView.swift in Sources */,
			);
			runOnlyForDeploymentPostprocessing = 0;
		};
/* End PBXSourcesBuildPhase section */

/* Begin PBXVariantGroup section */
		37B9B5A3247436D4007E3E20 /* LaunchScreen.storyboard */ = {
			isa = PBXVariantGroup;
			children = (
				37B9B5A4247436D4007E3E20 /* Base */,
			);
			name = LaunchScreen.storyboard;
			sourceTree = "<group>";
		};
/* End PBXVariantGroup section */

/* Begin XCBuildConfiguration section */
		37B9B5A7247436D4007E3E20 /* Debug */ = {
			isa = XCBuildConfiguration;
			buildSettings = {
				ALWAYS_SEARCH_USER_PATHS = NO;
				CLANG_ANALYZER_NONNULL = YES;
				CLANG_ANALYZER_NUMBER_OBJECT_CONVERSION = YES_AGGRESSIVE;
				CLANG_CXX_LANGUAGE_STANDARD = "gnu++14";
				CLANG_CXX_LIBRARY = "libc++";
				CLANG_ENABLE_MODULES = YES;
				CLANG_ENABLE_OBJC_ARC = YES;
				CLANG_ENABLE_OBJC_WEAK = YES;
				CLANG_WARN_BLOCK_CAPTURE_AUTORELEASING = YES;
				CLANG_WARN_BOOL_CONVERSION = YES;
				CLANG_WARN_COMMA = YES;
				CLANG_WARN_CONSTANT_CONVERSION = YES;
				CLANG_WARN_DEPRECATED_OBJC_IMPLEMENTATIONS = YES;
				CLANG_WARN_DIRECT_OBJC_ISA_USAGE = YES_ERROR;
				CLANG_WARN_DOCUMENTATION_COMMENTS = YES;
				CLANG_WARN_EMPTY_BODY = YES;
				CLANG_WARN_ENUM_CONVERSION = YES;
				CLANG_WARN_INFINITE_RECURSION = YES;
				CLANG_WARN_INT_CONVERSION = YES;
				CLANG_WARN_NON_LITERAL_NULL_CONVERSION = YES;
				CLANG_WARN_OBJC_IMPLICIT_RETAIN_SELF = YES;
				CLANG_WARN_OBJC_LITERAL_CONVERSION = YES;
				CLANG_WARN_OBJC_ROOT_CLASS = YES_ERROR;
				CLANG_WARN_RANGE_LOOP_ANALYSIS = YES;
				CLANG_WARN_STRICT_PROTOTYPES = YES;
				CLANG_WARN_SUSPICIOUS_MOVE = YES;
				CLANG_WARN_UNGUARDED_AVAILABILITY = YES_AGGRESSIVE;
				CLANG_WARN_UNREACHABLE_CODE = YES;
				CLANG_WARN__DUPLICATE_METHOD_MATCH = YES;
				COPY_PHASE_STRIP = NO;
				DEBUG_INFORMATION_FORMAT = dwarf;
				ENABLE_STRICT_OBJC_MSGSEND = YES;
				ENABLE_TESTABILITY = YES;
				GCC_C_LANGUAGE_STANDARD = gnu11;
				GCC_DYNAMIC_NO_PIC = NO;
				GCC_NO_COMMON_BLOCKS = YES;
				GCC_OPTIMIZATION_LEVEL = 0;
				GCC_PREPROCESSOR_DEFINITIONS = (
					"DEBUG=1",
					"$(inherited)",
				);
				GCC_WARN_64_TO_32_BIT_CONVERSION = YES;
				GCC_WARN_ABOUT_RETURN_TYPE = YES_ERROR;
				GCC_WARN_UNDECLARED_SELECTOR = YES;
				GCC_WARN_UNINITIALIZED_AUTOS = YES_AGGRESSIVE;
				GCC_WARN_UNUSED_FUNCTION = YES;
				GCC_WARN_UNUSED_VARIABLE = YES;
				IPHONEOS_DEPLOYMENT_TARGET = 13.4;
				MTL_ENABLE_DEBUG_INFO = INCLUDE_SOURCE;
				MTL_FAST_MATH = YES;
				ONLY_ACTIVE_ARCH = YES;
				SDKROOT = iphoneos;
				SWIFT_ACTIVE_COMPILATION_CONDITIONS = DEBUG;
				SWIFT_OPTIMIZATION_LEVEL = "-Onone";
			};
			name = Debug;
		};
		37B9B5A8247436D4007E3E20 /* Release */ = {
			isa = XCBuildConfiguration;
			buildSettings = {
				ALWAYS_SEARCH_USER_PATHS = NO;
				CLANG_ANALYZER_NONNULL = YES;
				CLANG_ANALYZER_NUMBER_OBJECT_CONVERSION = YES_AGGRESSIVE;
				CLANG_CXX_LANGUAGE_STANDARD = "gnu++14";
				CLANG_CXX_LIBRARY = "libc++";
				CLANG_ENABLE_MODULES = YES;
				CLANG_ENABLE_OBJC_ARC = YES;
				CLANG_ENABLE_OBJC_WEAK = YES;
				CLANG_WARN_BLOCK_CAPTURE_AUTORELEASING = YES;
				CLANG_WARN_BOOL_CONVERSION = YES;
				CLANG_WARN_COMMA = YES;
				CLANG_WARN_CONSTANT_CONVERSION = YES;
				CLANG_WARN_DEPRECATED_OBJC_IMPLEMENTATIONS = YES;
				CLANG_WARN_DIRECT_OBJC_ISA_USAGE = YES_ERROR;
				CLANG_WARN_DOCUMENTATION_COMMENTS = YES;
				CLANG_WARN_EMPTY_BODY = YES;
				CLANG_WARN_ENUM_CONVERSION = YES;
				CLANG_WARN_INFINITE_RECURSION = YES;
				CLANG_WARN_INT_CONVERSION = YES;
				CLANG_WARN_NON_LITERAL_NULL_CONVERSION = YES;
				CLANG_WARN_OBJC_IMPLICIT_RETAIN_SELF = YES;
				CLANG_WARN_OBJC_LITERAL_CONVERSION = YES;
				CLANG_WARN_OBJC_ROOT_CLASS = YES_ERROR;
				CLANG_WARN_RANGE_LOOP_ANALYSIS = YES;
				CLANG_WARN_STRICT_PROTOTYPES = YES;
				CLANG_WARN_SUSPICIOUS_MOVE = YES;
				CLANG_WARN_UNGUARDED_AVAILABILITY = YES_AGGRESSIVE;
				CLANG_WARN_UNREACHABLE_CODE = YES;
				CLANG_WARN__DUPLICATE_METHOD_MATCH = YES;
				COPY_PHASE_STRIP = NO;
				DEBUG_INFORMATION_FORMAT = "dwarf-with-dsym";
				ENABLE_NS_ASSERTIONS = NO;
				ENABLE_STRICT_OBJC_MSGSEND = YES;
				GCC_C_LANGUAGE_STANDARD = gnu11;
				GCC_NO_COMMON_BLOCKS = YES;
				GCC_WARN_64_TO_32_BIT_CONVERSION = YES;
				GCC_WARN_ABOUT_RETURN_TYPE = YES_ERROR;
				GCC_WARN_UNDECLARED_SELECTOR = YES;
				GCC_WARN_UNINITIALIZED_AUTOS = YES_AGGRESSIVE;
				GCC_WARN_UNUSED_FUNCTION = YES;
				GCC_WARN_UNUSED_VARIABLE = YES;
				IPHONEOS_DEPLOYMENT_TARGET = 13.4;
				MTL_ENABLE_DEBUG_INFO = NO;
				MTL_FAST_MATH = YES;
				SDKROOT = iphoneos;
				SWIFT_COMPILATION_MODE = wholemodule;
				SWIFT_OPTIMIZATION_LEVEL = "-O";
				VALIDATE_PRODUCT = YES;
			};
			name = Release;
		};
		37B9B5AA247436D4007E3E20 /* Debug */ = {
			isa = XCBuildConfiguration;
			buildSettings = {
				ASSETCATALOG_COMPILER_APPICON_NAME = AppIcon;
				CODE_SIGN_STYLE = Automatic;
				DEVELOPMENT_ASSET_PATHS = "\"Create Button/Preview Content\"";
				DEVELOPMENT_TEAM = A2S673GF8M;
				ENABLE_PREVIEWS = YES;
				INFOPLIST_FILE = "Create Button/Info.plist";
				LD_RUNPATH_SEARCH_PATHS = (
					"$(inherited)",
					"@executable_path/Frameworks",
				);
				PRODUCT_BUNDLE_IDENTIFIER = "Kelana.Create-Button";
				PRODUCT_NAME = "$(TARGET_NAME)";
				SWIFT_VERSION = 5.0;
				TARGETED_DEVICE_FAMILY = "1,2";
			};
			name = Debug;
		};
		37B9B5AB247436D4007E3E20 /* Release */ = {
			isa = XCBuildConfiguration;
			buildSettings = {
				ASSETCATALOG_COMPILER_APPICON_NAME = AppIcon;
				CODE_SIGN_STYLE = Automatic;
				DEVELOPMENT_ASSET_PATHS = "\"Create Button/Preview Content\"";
				DEVELOPMENT_TEAM = A2S673GF8M;
				ENABLE_PREVIEWS = YES;
				INFOPLIST_FILE = "Create Button/Info.plist";
				LD_RUNPATH_SEARCH_PATHS = (
					"$(inherited)",
					"@executable_path/Frameworks",
				);
				PRODUCT_BUNDLE_IDENTIFIER = "Kelana.Create-Button";
				PRODUCT_NAME = "$(TARGET_NAME)";
				SWIFT_VERSION = 5.0;
				TARGETED_DEVICE_FAMILY = "1,2";
			};
			name = Release;
		};
/* End XCBuildConfiguration section */

/* Begin XCConfigurationList section */
		37B9B590247436D2007E3E20 /* Build configuration list for PBXProject "Create Button" */ = {
			isa = XCConfigurationList;
			buildConfigurations = (
				37B9B5A7247436D4007E3E20 /* Debug */,
				37B9B5A8247436D4007E3E20 /* Release */,
			);
			defaultConfigurationIsVisible = 0;
			defaultConfigurationName = Release;
		};
		37B9B5A9247436D4007E3E20 /* Build configuration list for PBXNativeTarget "Create Button" */ = {
			isa = XCConfigurationList;
			buildConfigurations = (
				37B9B5AA247436D4007E3E20 /* Debug */,
				37B9B5AB247436D4007E3E20 /* Release */,
			);
			defaultConfigurationIsVisible = 0;
			defaultConfigurationName = Release;
		};
/* End XCConfigurationList section */
	};
	rootObject = 37B9B58D247436D2007E3E20 /* Project object */;
}
